# This file is automatically @generated by Cargo.
# It is not intended for manual editing.
version = 3

[[package]]
name = "weft-analyzer"
version = "0.0.0"
dependencies = [
 "weft-catalog",
 "weft-common",
 "weft-plan",
]

[[package]]
name = "weft-catalog"
version = "0.0.0"
dependencies = [
 "weft-common",
]

[[package]]
name = "weft-cli"
version = "0.0.0"
dependencies = [
 "weft-common",
 "weft-connect",
]

[[package]]
name = "weft-common"
version = "0.0.0"

[[package]]
name = "weft-connect"
version = "0.0.0"
dependencies = [
 "weft-analyzer",
 "weft-catalog",
 "weft-common",
 "weft-execution",
 "weft-optimizer",
 "weft-physical",
 "weft-plan",
 "weft-proto",
 "weft-sql",
]

[[package]]
name = "weft-datasource"
version = "0.0.0"
dependencies = [
 "weft-common",
]

[[package]]
name = "weft-execution"
version = "0.0.0"
dependencies = [
 "weft-common",
 "weft-loom",
 "weft-physical",
]

[[package]]
name = "weft-hvm"
version = "0.0.0"
dependencies = [
 "weft-common",
 "weft-physical",
 "weft-plan",
]

[[package]]
name = "weft-loom"
version = "0.0.0"
dependencies = [
 "weft-common",
 "weft-datasource",
 "weft-physical",
 "weft-plan",
]

[[package]]
name = "weft-optimizer"
version = "0.0.0"
dependencies = [
 "weft-common",
 "weft-plan",
]

[[package]]
name = "weft-physical"
version = "0.0.0"
dependencies = [
 "weft-common",
 "weft-optimizer",
 "weft-plan",
]

[[package]]
name = "weft-plan"
version = "0.0.0"
dependencies = [
 "weft-common",
]

[[package]]
name = "weft-proto"
version = "0.0.0"

[[package]]
name = "weft-sql"
version = "0.0.0"
dependencies = [
 "weft-common",
 "weft-plan",
]
